
Microsoft Visual Studio Solution File, Format Version 12.00
# Visual Studio 2013
VisualStudioVersion = 12.0.31101.0
MinimumVisualStudioVersion = 10.0.40219.1
Project("{8BC9CEB8-8B4A-11D0-8D11-00A0C91BC942}") = "OpenGLTutorial3_3", "OpenGLTutorial3_3.vcxproj", "{F9B5347A-A1BF-4A8A-AE1B-2665F632268C}"
EndProject
Global
	GlobalSection(SolutionConfigurationPlatforms) = preSolution
		Debug|Win32 = Debug|Win32
		Release|Win32 = Release|Win32
	EndGlobalSection
	GlobalSection(ProjectConfigurationPlatforms) = postSolution
		{F9B5347A-A1BF-4A8A-AE1B-2665F632268C}.Debug|Win32.ActiveCfg = Debug|Win32
		{F9B5347A-A1BF-4A8A-AE1B-2665F632268C}.Debug|Win32.Build.0 = Debug|Win32
		{F9B5347A-A1BF-4A8A-AE1B-2665F632268C}.Release|Win32.ActiveCfg = Release|Win32
		{F9B5347A-A1BF-4A8A-AE1B-2665F632268C}.Release|Win32.Build.0 = Release|Win32
	EndGlobalSection
	GlobalSection(SolutionProperties) = preSolution
		HideSolutionNode = FALSE
	EndGlobalSection
EndGlobal
